// !$*UTF8*$!
{
	archiveVersion = 1;
	classes = {
	};
	objectVersion = 50;
	objects = {

/* Begin PBXBuildFile section */
		D0A927DF24AC86AA0091405B /* AppDelegate.swift in Sources */ = {isa = PBXBuildFile; fileRef = D0A927DE24AC86AA0091405B /* AppDelegate.swift */; };
		D0A927E124AC86AA0091405B /* SceneDelegate.swift in Sources */ = {isa = PBXBuildFile; fileRef = D0A927E024AC86AA0091405B /* SceneDelegate.swift */; };
		D0A927E324AC86AA0091405B /* ContentView.swift in Sources */ = {isa = PBXBuildFile; fileRef = D0A927E224AC86AA0091405B /* ContentView.swift */; };
		D0A927E524AC86AB0091405B /* Assets.xcassets in Resources */ = {isa = PBXBuildFile; fileRef = D0A927E424AC86AB0091405B /* Assets.xcassets */; };
		D0A927E824AC86AB0091405B /* Preview Assets.xcassets in Resources */ = {isa = PBXBuildFile; fileRef = D0A927E724AC86AB0091405B /* Preview Assets.xcassets */; };
		D0A927EB24AC86AB0091405B /* LaunchScreen.storyboard in Resources */ = {isa = PBXBuildFile; fileRef = D0A927E924AC86AB0091405B /* LaunchScreen.storyboard */; };
/* End PBXBuildFile section */

/* Begin PBXFileReference section */
		D0A927DB24AC86AA0091405B /* Stanford_Memorize.app */ = {isa = PBXFileReference; explicitFileType = wrapper.application; includeInIndex = 0; path = Stanford_Memorize.app; sourceTree = BUILT_PRODUCTS_DIR; };
		D0A927DE24AC86AA0091405B /* AppDelegate.swift */ = {isa = PBXFileReference; lastKnownFileType = sourcecode.swift; path = AppDelegate.swift; sourceTree = "<group>"; };
		D0A927E024AC86AA0091405B /* SceneDelegate.swift */ = {isa = PBXFileReference; lastKnownFileType = sourcecode.swift; path = SceneDelegate.swift; sourceTree = "<group>"; };
		D0A927E224AC86AA0091405B /* ContentView.swift */ = {isa = PBXFileReference; lastKnownFileType = sourcecode.swift; path = ContentView.swift; sourceTree = "<group>"; };
		D0A927E424AC86AB0091405B /* Assets.xcassets */ = {isa = PBXFileReference; lastKnownFileType = folder.assetcatalog; path = Assets.xcassets; sourceTree = "<group>"; };
		D0A927E724AC86AB0091405B /* Preview Assets.xcassets */ = {isa = PBXFileReference; lastKnownFileType = folder.assetcatalog; path = "Preview Assets.xcassets"; sourceTree = "<group>"; };
		D0A927EA24AC86AB0091405B /* Base */ = {isa = PBXFileReference; lastKnownFileType = file.storyboard; name = Base; path = Base.lproj/LaunchScreen.storyboard; sourceTree = "<group>"; };
		D0A927EC24AC86AB0091405B /* Info.plist */ = {isa = PBXFileReference; lastKnownFileType = text.plist.xml; path = Info.plist; sourceTree = "<group>"; };
/* End PBXFileReference section */

/* Begin PBXFrameworksBuildPhase section */
		D0A927D824AC86AA0091405B /* Frameworks */ = {
			isa = PBXFrameworksBuildPhase;
			buildActionMask = 2147483647;
			files = (
			);
			runOnlyForDeploymentPostprocessing = 0;
		};
/* End PBXFrameworksBuildPhase section */

/* Begin PBXGroup section */
		D0A927D224AC86AA0091405B = {
			isa = PBXGroup;
			children = (
				D0A927DD24AC86AA0091405B /* Stanford_Memorize */,
				D0A927DC24AC86AA0091405B /* Products */,
			);
			sourceTree = "<group>";
		};
		D0A927DC24AC86AA0091405B /* Products */ = {
			isa = PBXGroup;
			children = (
				D0A927DB24AC86AA0091405B /* Stanford_Memorize.app */,
			);
			name = Products;
			sourceTree = "<group>";
		};
		D0A927DD24AC86AA0091405B /* Stanford_Memorize */ = {
			isa = PBXGroup;
			children = (
				D0A927DE24AC86AA0091405B /* AppDelegate.swift */,
				D0A927E024AC86AA0091405B /* SceneDelegate.swift */,
				D0A927E224AC86AA0091405B /* ContentView.swift */,
				D0A927E424AC86AB0091405B /* Assets.xcassets */,
				D0A927E924AC86AB0091405B /* LaunchScreen.storyboard */,
				D0A927EC24AC86AB0091405B /* Info.plist */,
				D0A927E624AC86AB0091405B /* Preview Content */,
			);
			path = Stanford_Memorize;
			sourceTree = "<group>";
		};
		D0A927E624AC86AB0091405B /* Preview Content */ = {
			isa = PBXGroup;
			children = (
				D0A927E724AC86AB0091405B /* Preview Assets.xcassets */,
			);
			path = "Preview Content";
			sourceTree = "<group>";
		};
/* End PBXGroup section */

/* Begin PBXNativeTarget section */
		D0A927DA24AC86AA0091405B /* Stanford_Memorize */ = {
			isa = PBXNativeTarget;
			buildConfigurationList = D0A927EF24AC86AB0091405B /* Build configuration list for PBXNativeTarget "Stanford_Memorize" */;
			buildPhases = (
				D0A927D724AC86AA0091405B /* Sources */,
				D0A927D824AC86AA0091405B /* Frameworks */,
				D0A927D924AC86AA0091405B /* Resources */,
			);
			buildRules = (
			);
			dependencies = (
			);
			name = Stanford_Memorize;
			productName = Stanford_Memorize;
			productReference = D0A927DB24AC86AA0091405B /* Stanford_Memorize.app */;
			productType = "com.apple.product-type.application";
		};
/* End PBXNativeTarget section */

/* Begin PBXProject section */
		D0A927D324AC86AA0091405B /* Project object */ = {
			isa = PBXProject;
			attributes = {
				LastSwiftUpdateCheck = 1150;
				LastUpgradeCheck = 1150;
				ORGANIZATIONNAME = "Leunes Media";
				TargetAttributes = {
					D0A927DA24AC86AA0091405B = {
						CreatedOnToolsVersion = 11.5;
					};
				};
			};
			buildConfigurationList = D0A927D624AC86AA0091405B /* Build configuration list for PBXProject "Stanford_Memorize" */;
			compatibilityVersion = "Xcode 9.3";
			developmentRegion = en;
			hasScannedForEncodings = 0;
			knownRegions = (
				en,
				Base,
			);
			mainGroup = D0A927D224AC86AA0091405B;
			productRefGroup = D0A927DC24AC86AA0091405B /* Products */;
			projectDirPath = "";
			projectRoot = "";
			targets = (
				D0A927DA24AC86AA0091405B /* Stanford_Memorize */,
			);
		};
/* End PBXProject section */

/* Begin PBXResourcesBuildPhase section */
		D0A927D924AC86AA0091405B /* Resources */ = {
			isa = PBXResourcesBuildPhase;
			buildActionMask = 2147483647;
			files = (
				D0A927EB24AC86AB0091405B /* LaunchScreen.storyboard in Resources */,
				D0A927E824AC86AB0091405B /* Preview Assets.xcassets in Resources */,
				D0A927E524AC86AB0091405B /* Assets.xcassets in Resources */,
			);
			runOnlyForDeploymentPostprocessing = 0;
		};
/* End PBXResourcesBuildPhase section */

/* Begin PBXSourcesBuildPhase section */
		D0A927D724AC86AA0091405B /* Sources */ = {
			isa = PBXSourcesBuildPhase;
			buildActionMask = 2147483647;
			files = (
				D0A927DF24AC86AA0091405B /* AppDelegate.swift in Sources */,
				D0A927E124AC86AA0091405B /* SceneDelegate.swift in Sources */,
				D0A927E324AC86AA0091405B /* ContentView.swift in Sources */,
			);
			runOnlyForDeploymentPostprocessing = 0;
		};
/* End PBXSourcesBuildPhase section */

/* Begin PBXVariantGroup section */
		D0A927E924AC86AB0091405B /* LaunchScreen.storyboard */ = {
			isa = PBXVariantGroup;
			children = (
				D0A927EA24AC86AB0091405B /* Base */,
			);
			name = LaunchScreen.storyboard;
			sourceTree = "<group>";
		};
/* End PBXVariantGroup section */

/* Begin XCBuildConfiguration section */
		D0A927ED24AC86AB0091405B /* Debug */ = {
			isa = XCBuildConfiguration;
			buildSettings = {
				ALWAYS_SEARCH_USER_PATHS = NO;
				CLANG_ANALYZER_NONNULL = YES;
				CLANG_ANALYZER_NUMBER_OBJECT_CONVERSION = YES_AGGRESSIVE;
				CLANG_CXX_LANGUAGE_STANDARD = "gnu++14";
				CLANG_CXX_LIBRARY = "libc++";
				CLANG_ENABLE_MODULES = YES;
				CLANG_ENABLE_OBJC_ARC = YES;
				CLANG_ENABLE_OBJC_WEAK = YES;
				CLANG_WARN_BLOCK_CAPTURE_AUTORELEASING = YES;
				CLANG_WARN_BOOL_CONVERSION = YES;
				CLANG_WARN_COMMA = YES;
				CLANG_WARN_CONSTANT_CONVERSION = YES;
				CLANG_WARN_DEPRECATED_OBJC_IMPLEMENTATIONS = YES;
				CLANG_WARN_DIRECT_OBJC_ISA_USAGE = YES_ERROR;
				CLANG_WARN_DOCUMENTATION_COMMENTS = YES;
				CLANG_WARN_EMPTY_BODY = YES;
				CLANG_WARN_ENUM_CONVERSION = YES;
				CLANG_WARN_INFINITE_RECURSION = YES;
				CLANG_WARN_INT_CONVERSION = YES;
				CLANG_WARN_NON_LITERAL_NULL_CONVERSION = YES;
				CLANG_WARN_OBJC_IMPLICIT_RETAIN_SELF = YES;
				CLANG_WARN_OBJC_LITERAL_CONVERSION = YES;
				CLANG_WARN_OBJC_ROOT_CLASS = YES_ERROR;
				CLANG_WARN_RANGE_LOOP_ANALYSIS = YES;
				CLANG_WARN_STRICT_PROTOTYPES = YES;
				CLANG_WARN_SUSPICIOUS_MOVE = YES;
				CLANG_WARN_UNGUARDED_AVAILABILITY = YES_AGGRESSIVE;
				CLANG_WARN_UNREACHABLE_CODE = YES;
				CLANG_WARN__DUPLICATE_METHOD_MATCH = YES;
				COPY_PHASE_STRIP = NO;
				DEBUG_INFORMATION_FORMAT = dwarf;
				ENABLE_STRICT_OBJC_MSGSEND = YES;
				ENABLE_TESTABILITY = YES;
				GCC_C_LANGUAGE_STANDARD = gnu11;
				GCC_DYNAMIC_NO_PIC = NO;
				GCC_NO_COMMON_BLOCKS = YES;
				GCC_OPTIMIZATION_LEVEL = 0;
				GCC_PREPROCESSOR_DEFINITIONS = (
					"DEBUG=1",
					"$(inherited)",
				);
				GCC_WARN_64_TO_32_BIT_CONVERSION = YES;
				GCC_WARN_ABOUT_RETURN_TYPE = YES_ERROR;
				GCC_WARN_UNDECLARED_SELECTOR = YES;
				GCC_WARN_UNINITIALIZED_AUTOS = YES_AGGRESSIVE;
				GCC_WARN_UNUSED_FUNCTION = YES;
				GCC_WARN_UNUSED_VARIABLE = YES;
				IPHONEOS_DEPLOYMENT_TARGET = 13.5;
				MTL_ENABLE_DEBUG_INFO = INCLUDE_SOURCE;
				MTL_FAST_MATH = YES;
				ONLY_ACTIVE_ARCH = YES;
				SDKROOT = iphoneos;
				SWIFT_ACTIVE_COMPILATION_CONDITIONS = DEBUG;
				SWIFT_OPTIMIZATION_LEVEL = "-Onone";
			};
			name = Debug;
		};
		D0A927EE24AC86AB0091405B /* Release */ = {
			isa = XCBuildConfiguration;
			buildSettings = {
				ALWAYS_SEARCH_USER_PATHS = NO;
				CLANG_ANALYZER_NONNULL = YES;
				CLANG_ANALYZER_NUMBER_OBJECT_CONVERSION = YES_AGGRESSIVE;
				CLANG_CXX_LANGUAGE_STANDARD = "gnu++14";
				CLANG_CXX_LIBRARY = "libc++";
				CLANG_ENABLE_MODULES = YES;
				CLANG_ENABLE_OBJC_ARC = YES;
				CLANG_ENABLE_OBJC_WEAK = YES;
				CLANG_WARN_BLOCK_CAPTURE_AUTORELEASING = YES;
				CLANG_WARN_BOOL_CONVERSION = YES;
				CLANG_WARN_COMMA = YES;
				CLANG_WARN_CONSTANT_CONVERSION = YES;
				CLANG_WARN_DEPRECATED_OBJC_IMPLEMENTATIONS = YES;
				CLANG_WARN_DIRECT_OBJC_ISA_USAGE = YES_ERROR;
				CLANG_WARN_DOCUMENTATION_COMMENTS = YES;
				CLANG_WARN_EMPTY_BODY = YES;
				CLANG_WARN_ENUM_CONVERSION = YES;
				CLANG_WARN_INFINITE_RECURSION = YES;
				CLANG_WARN_INT_CONVERSION = YES;
				CLANG_WARN_NON_LITERAL_NULL_CONVERSION = YES;
				CLANG_WARN_OBJC_IMPLICIT_RETAIN_SELF = YES;
				CLANG_WARN_OBJC_LITERAL_CONVERSION = YES;
				CLANG_WARN_OBJC_ROOT_CLASS = YES_ERROR;
				CLANG_WARN_RANGE_LOOP_ANALYSIS = YES;
				CLANG_WARN_STRICT_PROTOTYPES = YES;
				CLANG_WARN_SUSPICIOUS_MOVE = YES;
				CLANG_WARN_UNGUARDED_AVAILABILITY = YES_AGGRESSIVE;
				CLANG_WARN_UNREACHABLE_CODE = YES;
				CLANG_WARN__DUPLICATE_METHOD_MATCH = YES;
				COPY_PHASE_STRIP = NO;
				DEBUG_INFORMATION_FORMAT = "dwarf-with-dsym";
				ENABLE_NS_ASSERTIONS = NO;
				ENABLE_STRICT_OBJC_MSGSEND = YES;
				GCC_C_LANGUAGE_STANDARD = gnu11;
				GCC_NO_COMMON_BLOCKS = YES;
				GCC_WARN_64_TO_32_BIT_CONVERSION = YES;
				GCC_WARN_ABOUT_RETURN_TYPE = YES_ERROR;
				GCC_WARN_UNDECLARED_SELECTOR = YES;
				GCC_WARN_UNINITIALIZED_AUTOS = YES_AGGRESSIVE;
				GCC_WARN_UNUSED_FUNCTION = YES;
				GCC_WARN_UNUSED_VARIABLE = YES;
				IPHONEOS_DEPLOYMENT_TARGET = 13.5;
				MTL_ENABLE_DEBUG_INFO = NO;
				MTL_FAST_MATH = YES;
				SDKROOT = iphoneos;
				SWIFT_COMPILATION_MODE = wholemodule;
				SWIFT_OPTIMIZATION_LEVEL = "-O";
				VALIDATE_PRODUCT = YES;
			};
			name = Release;
		};
		D0A927F024AC86AB0091405B /* Debug */ = {
			isa = XCBuildConfiguration;
			buildSettings = {
				ASSETCATALOG_COMPILER_APPICON_NAME = AppIcon;
				CODE_SIGN_STYLE = Automatic;
				DEVELOPMENT_ASSET_PATHS = "\"Stanford_Memorize/Preview Content\"";
				DEVELOPMENT_TEAM = VPU2G3JG9S;
				ENABLE_PREVIEWS = YES;
				INFOPLIST_FILE = Stanford_Memorize/Info.plist;
				LD_RUNPATH_SEARCH_PATHS = (
					"$(inherited)",
					"@executable_path/Frameworks",
				);
				PRODUCT_BUNDLE_IDENTIFIER = "LeunesMedia.Stanford-Memorize";
				PRODUCT_NAME = "$(TARGET_NAME)";
				SWIFT_VERSION = 5.0;
				TARGETED_DEVICE_FAMILY = "1,2";
			};
			name = Debug;
		};
		D0A927F124AC86AB0091405B /* Release */ = {
			isa = XCBuildConfiguration;
			buildSettings = {
				ASSETCATALOG_COMPILER_APPICON_NAME = AppIcon;
				CODE_SIGN_STYLE = Automatic;
				DEVELOPMENT_ASSET_PATHS = "\"Stanford_Memorize/Preview Content\"";
				DEVELOPMENT_TEAM = VPU2G3JG9S;
				ENABLE_PREVIEWS = YES;
				INFOPLIST_FILE = Stanford_Memorize/Info.plist;
				LD_RUNPATH_SEARCH_PATHS = (
					"$(inherited)",
					"@executable_path/Frameworks",
				);
				PRODUCT_BUNDLE_IDENTIFIER = "LeunesMedia.Stanford-Memorize";
				PRODUCT_NAME = "$(TARGET_NAME)";
				SWIFT_VERSION = 5.0;
				TARGETED_DEVICE_FAMILY = "1,2";
			};
			name = Release;
		};
/* End XCBuildConfiguration section */

/* Begin XCConfigurationList section */
		D0A927D624AC86AA0091405B /* Build configuration list for PBXProject "Stanford_Memorize" */ = {
			isa = XCConfigurationList;
			buildConfigurations = (
				D0A927ED24AC86AB0091405B /* Debug */,
				D0A927EE24AC86AB0091405B /* Release */,
			);
			defaultConfigurationIsVisible = 0;
			defaultConfigurationName = Release;
		};
		D0A927EF24AC86AB0091405B /* Build configuration list for PBXNativeTarget "Stanford_Memorize" */ = {
			isa = XCConfigurationList;
			buildConfigurations = (
				D0A927F024AC86AB0091405B /* Debug */,
				D0A927F124AC86AB0091405B /* Release */,
			);
			defaultConfigurationIsVisible = 0;
			defaultConfigurationName = Release;
		};
/* End XCConfigurationList section */
	};
	rootObject = D0A927D324AC86AA0091405B /* Project object */;
}
